
Microsoft Visual Studio Solution File, Format Version 12.00
# Visual Studio Version 17
VisualStudioVersion = 17.2.32630.192
MinimumVisualStudioVersion = 10.0.40219.1
Project("{FAE04EC0-301F-11D3-BF4B-00C04F79EFBC}") = "EFSorter", "EFSorter\EFSorter.csproj", "{0F803129-7A77-47AD-B559-B2CB55561F9E}"
EndProject
Project("{FAE04EC0-301F-11D3-BF4B-00C04F79EFBC}") = "EFSorter.ConsoleApp", "EFSorter.ConsoleApp\EFSorter.ConsoleApp.csproj", "{8C2F6938-FF80-4D82-8243-5BB962FA2B46}"
EndProject
Global
	GlobalSection(SolutionConfigurationPlatforms) = preSolution
		Debug|Any CPU = Debug|Any CPU
		Release|Any CPU = Release|Any CPU
	EndGlobalSection
	GlobalSection(ProjectConfigurationPlatforms) = postSolution
		{0F803129-7A77-47AD-B559-B2CB55561F9E}.Debug|Any CPU.ActiveCfg = Debug|Any CPU
		{0F803129-7A77-47AD-B559-B2CB55561F9E}.Debug|Any CPU.Build.0 = Debug|Any CPU
		{0F803129-7A77-47AD-B559-B2CB55561F9E}.Release|Any CPU.ActiveCfg = Release|Any CPU
		{0F803129-7A77-47AD-B559-B2CB55561F9E}.Release|Any CPU.Build.0 = Release|Any CPU
		{8C2F6938-FF80-4D82-8243-5BB962FA2B46}.Debug|Any CPU.ActiveCfg = Debug|Any CPU
		{8C2F6938-FF80-4D82-8243-5BB962FA2B46}.Debug|Any CPU.Build.0 = Debug|Any CPU
		{8C2F6938-FF80-4D82-8243-5BB962FA2B46}.Release|Any CPU.ActiveCfg = Release|Any CPU
		{8C2F6938-FF80-4D82-8243-5BB962FA2B46}.Release|Any CPU.Build.0 = Release|Any CPU
	EndGlobalSection
	GlobalSection(SolutionProperties) = preSolution
		HideSolutionNode = FALSE
	EndGlobalSection
	GlobalSection(ExtensibilityGlobals) = postSolution
		SolutionGuid = {A19A8D71-C0B9-4B20-A246-16D8FAF1E7A6}
	EndGlobalSection
EndGlobal
